
Microsoft Visual Studio Solution File, Format Version 11.00
# Visual C# Express 2010
Project("{FAE04EC0-301F-11D3-BF4B-00C04F79EFBC}") = "NelsonYoussif5", "NelsonYoussif5\NelsonYoussif5.csproj", "{AA1AA062-7FBE-4562-8A38-DB38781F0BD7}"
EndProject
Global
	GlobalSection(SolutionConfigurationPlatforms) = preSolution
		Debug|x86 = Debug|x86
		Release|x86 = Release|x86
	EndGlobalSection
	GlobalSection(ProjectConfigurationPlatforms) = postSolution
		{AA1AA062-7FBE-4562-8A38-DB38781F0BD7}.Debug|x86.ActiveCfg = Debug|x86
		{AA1AA062-7FBE-4562-8A38-DB38781F0BD7}.Debug|x86.Build.0 = Debug|x86
		{AA1AA062-7FBE-4562-8A38-DB38781F0BD7}.Release|x86.ActiveCfg = Release|x86
		{AA1AA062-7FBE-4562-8A38-DB38781F0BD7}.Release|x86.Build.0 = Release|x86
	EndGlobalSection
	GlobalSection(SolutionProperties) = preSolution
		HideSolutionNode = FALSE
	EndGlobalSection
EndGlobal
